
Microsoft Visual Studio Solution File, Format Version 12.00
# Visual Studio Version 16
VisualStudioVersion = 16.0.29609.76
MinimumVisualStudioVersion = 10.0.40219.1
Project("{FAE04EC0-301F-11D3-BF4B-00C04F79EFBC}") = "AdoWinFormsDZ7", "AdoWinFormsDZ7\AdoWinFormsDZ7.csproj", "{2A38C9F2-8270-4151-AD7F-E0C56C51365E}"
EndProject
Global
	GlobalSection(SolutionConfigurationPlatforms) = preSolution
		Debug|Any CPU = Debug|Any CPU
		Release|Any CPU = Release|Any CPU
	EndGlobalSection
	GlobalSection(ProjectConfigurationPlatforms) = postSolution
		{2A38C9F2-8270-4151-AD7F-E0C56C51365E}.Debug|Any CPU.ActiveCfg = Debug|Any CPU
		{2A38C9F2-8270-4151-AD7F-E0C56C51365E}.Debug|Any CPU.Build.0 = Debug|Any CPU
		{2A38C9F2-8270-4151-AD7F-E0C56C51365E}.Release|Any CPU.ActiveCfg = Release|Any CPU
		{2A38C9F2-8270-4151-AD7F-E0C56C51365E}.Release|Any CPU.Build.0 = Release|Any CPU
	EndGlobalSection
	GlobalSection(SolutionProperties) = preSolution
		HideSolutionNode = FALSE
	EndGlobalSection
	GlobalSection(ExtensibilityGlobals) = postSolution
		SolutionGuid = {A3FDBC52-5555-4B39-A486-9CE7EFB8A927}
	EndGlobalSection
EndGlobal
